
Microsoft Visual Studio Solution File, Format Version 12.00
# Visual Studio Version 17
VisualStudioVersion = 17.5.33424.131
MinimumVisualStudioVersion = 10.0.40219.1
Project("{FAE04EC0-301F-11D3-BF4B-00C04F79EFBC}") = "BAJK.EAutoSerwis.solution.xUsvc", "BAJK.EAutoSerwis.solution.xUsvc\BAJK.EAutoSerwis.solution.xUsvc.csproj", "{C108BEFB-2546-4B80-B41B-41C40C77A6CA}"
EndProject
Project("{FAE04EC0-301F-11D3-BF4B-00C04F79EFBC}") = "BAJK.EAutoSerwis.solution.xLib", "BAJK.EAutoSerwis.solution.xLib\BAJK.EAutoSerwis.solution.xLib.csproj", "{5CA13CA2-1BDC-4E18-84A7-210D8795777C}"
EndProject
Project("{FAE04EC0-301F-11D3-BF4B-00C04F79EFBC}") = "WebApplication", "WebApplication\WebApplication.csproj", "{CD54E7AF-2791-425D-A885-10BD7E9776AE}"
EndProject
Global
	GlobalSection(SolutionConfigurationPlatforms) = preSolution
		Debug|Any CPU = Debug|Any CPU
		Release|Any CPU = Release|Any CPU
	EndGlobalSection
	GlobalSection(ProjectConfigurationPlatforms) = postSolution
		{C108BEFB-2546-4B80-B41B-41C40C77A6CA}.Debug|Any CPU.ActiveCfg = Debug|Any CPU
		{C108BEFB-2546-4B80-B41B-41C40C77A6CA}.Debug|Any CPU.Build.0 = Debug|Any CPU
		{C108BEFB-2546-4B80-B41B-41C40C77A6CA}.Release|Any CPU.ActiveCfg = Release|Any CPU
		{C108BEFB-2546-4B80-B41B-41C40C77A6CA}.Release|Any CPU.Build.0 = Release|Any CPU
		{5CA13CA2-1BDC-4E18-84A7-210D8795777C}.Debug|Any CPU.ActiveCfg = Debug|Any CPU
		{5CA13CA2-1BDC-4E18-84A7-210D8795777C}.Debug|Any CPU.Build.0 = Debug|Any CPU
		{5CA13CA2-1BDC-4E18-84A7-210D8795777C}.Release|Any CPU.ActiveCfg = Release|Any CPU
		{5CA13CA2-1BDC-4E18-84A7-210D8795777C}.Release|Any CPU.Build.0 = Release|Any CPU
		{CD54E7AF-2791-425D-A885-10BD7E9776AE}.Debug|Any CPU.ActiveCfg = Debug|Any CPU
		{CD54E7AF-2791-425D-A885-10BD7E9776AE}.Debug|Any CPU.Build.0 = Debug|Any CPU
		{CD54E7AF-2791-425D-A885-10BD7E9776AE}.Release|Any CPU.ActiveCfg = Release|Any CPU
		{CD54E7AF-2791-425D-A885-10BD7E9776AE}.Release|Any CPU.Build.0 = Release|Any CPU
	EndGlobalSection
	GlobalSection(SolutionProperties) = preSolution
		HideSolutionNode = FALSE
	EndGlobalSection
	GlobalSection(ExtensibilityGlobals) = postSolution
		SolutionGuid = {00A4DBCE-BF4E-4C11-B45F-708D76DA34BC}
	EndGlobalSection
EndGlobal
